// !$*UTF8*$!
{
	archiveVersion = 1;
	classes = {
	};
	objectVersion = 56;
	objects = {

/* Begin PBXBuildFile section */
		B1D43CB22925AE12005279D9 /* AppDelegate.swift in Sources */ = {isa = PBXBuildFile; fileRef = B1D43CB12925AE12005279D9 /* AppDelegate.swift */; };
		B1D43CB42925AE12005279D9 /* SceneDelegate.swift in Sources */ = {isa = PBXBuildFile; fileRef = B1D43CB32925AE12005279D9 /* SceneDelegate.swift */; };
		B1D43CB62925AE12005279D9 /* ViewController.swift in Sources */ = {isa = PBXBuildFile; fileRef = B1D43CB52925AE12005279D9 /* ViewController.swift */; };
		B1D43CB92925AE12005279D9 /* Main.storyboard in Resources */ = {isa = PBXBuildFile; fileRef = B1D43CB72925AE12005279D9 /* Main.storyboard */; };
		B1D43CBB2925AE14005279D9 /* Assets.xcassets in Resources */ = {isa = PBXBuildFile; fileRef = B1D43CBA2925AE14005279D9 /* Assets.xcassets */; };
		B1D43CBE2925AE14005279D9 /* LaunchScreen.storyboard in Resources */ = {isa = PBXBuildFile; fileRef = B1D43CBC2925AE14005279D9 /* LaunchScreen.storyboard */; };
		B1D43CC92925AE14005279D9 /* MAPD714_Lab10Tests.swift in Sources */ = {isa = PBXBuildFile; fileRef = B1D43CC82925AE14005279D9 /* MAPD714_Lab10Tests.swift */; };
		B1D43CD32925AE14005279D9 /* MAPD714_Lab10UITests.swift in Sources */ = {isa = PBXBuildFile; fileRef = B1D43CD22925AE14005279D9 /* MAPD714_Lab10UITests.swift */; };
		B1D43CD52925AE14005279D9 /* MAPD714_Lab10UITestsLaunchTests.swift in Sources */ = {isa = PBXBuildFile; fileRef = B1D43CD42925AE14005279D9 /* MAPD714_Lab10UITestsLaunchTests.swift */; };
		B1D43CE42925C3FA005279D9 /* SecondViewController.swift in Sources */ = {isa = PBXBuildFile; fileRef = B1D43CE32925C3FA005279D9 /* SecondViewController.swift */; };
		B1D43CE62925C49F005279D9 /* FourLines.swift in Sources */ = {isa = PBXBuildFile; fileRef = B1D43CE52925C49F005279D9 /* FourLines.swift */; };
		B1D43CEB2925E935005279D9 /* ThirdViewController.swift in Sources */ = {isa = PBXBuildFile; fileRef = B1D43CEA2925E935005279D9 /* ThirdViewController.swift */; };
		B1D43CEE2925EC1D005279D9 /* libsqlite3.tbd in Frameworks */ = {isa = PBXBuildFile; fileRef = B1D43CED2925EC1D005279D9 /* libsqlite3.tbd */; };
/* End PBXBuildFile section */

/* Begin PBXContainerItemProxy section */
		B1D43CC52925AE14005279D9 /* PBXContainerItemProxy */ = {
			isa = PBXContainerItemProxy;
			containerPortal = B1D43CA62925AE12005279D9 /* Project object */;
			proxyType = 1;
			remoteGlobalIDString = B1D43CAD2925AE12005279D9;
			remoteInfo = "MAPD714-Lab10";
		};
		B1D43CCF2925AE14005279D9 /* PBXContainerItemProxy */ = {
			isa = PBXContainerItemProxy;
			containerPortal = B1D43CA62925AE12005279D9 /* Project object */;
			proxyType = 1;
			remoteGlobalIDString = B1D43CAD2925AE12005279D9;
			remoteInfo = "MAPD714-Lab10";
		};
/* End PBXContainerItemProxy section */

/* Begin PBXFileReference section */
		B1D43CAE2925AE12005279D9 /* MAPD714-Lab10.app */ = {isa = PBXFileReference; explicitFileType = wrapper.application; includeInIndex = 0; path = "MAPD714-Lab10.app"; sourceTree = BUILT_PRODUCTS_DIR; };
		B1D43CB12925AE12005279D9 /* AppDelegate.swift */ = {isa = PBXFileReference; lastKnownFileType = sourcecode.swift; path = AppDelegate.swift; sourceTree = "<group>"; };
		B1D43CB32925AE12005279D9 /* SceneDelegate.swift */ = {isa = PBXFileReference; lastKnownFileType = sourcecode.swift; path = SceneDelegate.swift; sourceTree = "<group>"; };
		B1D43CB52925AE12005279D9 /* ViewController.swift */ = {isa = PBXFileReference; lastKnownFileType = sourcecode.swift; path = ViewController.swift; sourceTree = "<group>"; };
		B1D43CB82925AE12005279D9 /* Base */ = {isa = PBXFileReference; lastKnownFileType = file.storyboard; name = Base; path = Base.lproj/Main.storyboard; sourceTree = "<group>"; };
		B1D43CBA2925AE14005279D9 /* Assets.xcassets */ = {isa = PBXFileReference; lastKnownFileType = folder.assetcatalog; path = Assets.xcassets; sourceTree = "<group>"; };
		B1D43CBD2925AE14005279D9 /* Base */ = {isa = PBXFileReference; lastKnownFileType = file.storyboard; name = Base; path = Base.lproj/LaunchScreen.storyboard; sourceTree = "<group>"; };
		B1D43CBF2925AE14005279D9 /* Info.plist */ = {isa = PBXFileReference; lastKnownFileType = text.plist.xml; path = Info.plist; sourceTree = "<group>"; };
		B1D43CC42925AE14005279D9 /* MAPD714-Lab10Tests.xctest */ = {isa = PBXFileReference; explicitFileType = wrapper.cfbundle; includeInIndex = 0; path = "MAPD714-Lab10Tests.xctest"; sourceTree = BUILT_PRODUCTS_DIR; };
		B1D43CC82925AE14005279D9 /* MAPD714_Lab10Tests.swift */ = {isa = PBXFileReference; lastKnownFileType = sourcecode.swift; path = MAPD714_Lab10Tests.swift; sourceTree = "<group>"; };
		B1D43CCE2925AE14005279D9 /* MAPD714-Lab10UITests.xctest */ = {isa = PBXFileReference; explicitFileType = wrapper.cfbundle; includeInIndex = 0; path = "MAPD714-Lab10UITests.xctest"; sourceTree = BUILT_PRODUCTS_DIR; };
		B1D43CD22925AE14005279D9 /* MAPD714_Lab10UITests.swift */ = {isa = PBXFileReference; lastKnownFileType = sourcecode.swift; path = MAPD714_Lab10UITests.swift; sourceTree = "<group>"; };
		B1D43CD42925AE14005279D9 /* MAPD714_Lab10UITestsLaunchTests.swift */ = {isa = PBXFileReference; lastKnownFileType = sourcecode.swift; path = MAPD714_Lab10UITestsLaunchTests.swift; sourceTree = "<group>"; };
		B1D43CE32925C3FA005279D9 /* SecondViewController.swift */ = {isa = PBXFileReference; lastKnownFileType = sourcecode.swift; path = SecondViewController.swift; sourceTree = "<group>"; };
		B1D43CE52925C49F005279D9 /* FourLines.swift */ = {isa = PBXFileReference; lastKnownFileType = sourcecode.swift; path = FourLines.swift; sourceTree = "<group>"; };
		B1D43CEA2925E935005279D9 /* ThirdViewController.swift */ = {isa = PBXFileReference; lastKnownFileType = sourcecode.swift; path = ThirdViewController.swift; sourceTree = "<group>"; };
		B1D43CED2925EC1D005279D9 /* libsqlite3.tbd */ = {isa = PBXFileReference; lastKnownFileType = "sourcecode.text-based-dylib-definition"; name = libsqlite3.tbd; path = usr/lib/libsqlite3.tbd; sourceTree = SDKROOT; };
/* End PBXFileReference section */

/* Begin PBXFrameworksBuildPhase section */
		B1D43CAB2925AE12005279D9 /* Frameworks */ = {
			isa = PBXFrameworksBuildPhase;
			buildActionMask = 2147483647;
			files = (
				B1D43CEE2925EC1D005279D9 /* libsqlite3.tbd in Frameworks */,
			);
			runOnlyForDeploymentPostprocessing = 0;
		};
		B1D43CC12925AE14005279D9 /* Frameworks */ = {
			isa = PBXFrameworksBuildPhase;
			buildActionMask = 2147483647;
			files = (
			);
			runOnlyForDeploymentPostprocessing = 0;
		};
		B1D43CCB2925AE14005279D9 /* Frameworks */ = {
			isa = PBXFrameworksBuildPhase;
			buildActionMask = 2147483647;
			files = (
			);
			runOnlyForDeploymentPostprocessing = 0;
		};
/* End PBXFrameworksBuildPhase section */

/* Begin PBXGroup section */
		B1D43CA52925AE12005279D9 = {
			isa = PBXGroup;
			children = (
				B1D43CB02925AE12005279D9 /* MAPD714-Lab10 */,
				B1D43CC72925AE14005279D9 /* MAPD714-Lab10Tests */,
				B1D43CD12925AE14005279D9 /* MAPD714-Lab10UITests */,
				B1D43CAF2925AE12005279D9 /* Products */,
				B1D43CEC2925EC1D005279D9 /* Frameworks */,
			);
			sourceTree = "<group>";
		};
		B1D43CAF2925AE12005279D9 /* Products */ = {
			isa = PBXGroup;
			children = (
				B1D43CAE2925AE12005279D9 /* MAPD714-Lab10.app */,
				B1D43CC42925AE14005279D9 /* MAPD714-Lab10Tests.xctest */,
				B1D43CCE2925AE14005279D9 /* MAPD714-Lab10UITests.xctest */,
			);
			name = Products;
			sourceTree = "<group>";
		};
		B1D43CB02925AE12005279D9 /* MAPD714-Lab10 */ = {
			isa = PBXGroup;
			children = (
				B1D43CE92925E925005279D9 /* ThirdViewController */,
				B1D43CE82925E917005279D9 /* SecondViewController */,
				B1D43CE72925E901005279D9 /* FirstViewController */,
				B1D43CB12925AE12005279D9 /* AppDelegate.swift */,
				B1D43CB32925AE12005279D9 /* SceneDelegate.swift */,
				B1D43CB72925AE12005279D9 /* Main.storyboard */,
				B1D43CBA2925AE14005279D9 /* Assets.xcassets */,
				B1D43CBC2925AE14005279D9 /* LaunchScreen.storyboard */,
				B1D43CBF2925AE14005279D9 /* Info.plist */,
			);
			path = "MAPD714-Lab10";
			sourceTree = "<group>";
		};
		B1D43CC72925AE14005279D9 /* MAPD714-Lab10Tests */ = {
			isa = PBXGroup;
			children = (
				B1D43CC82925AE14005279D9 /* MAPD714_Lab10Tests.swift */,
			);
			path = "MAPD714-Lab10Tests";
			sourceTree = "<group>";
		};
		B1D43CD12925AE14005279D9 /* MAPD714-Lab10UITests */ = {
			isa = PBXGroup;
			children = (
				B1D43CD22925AE14005279D9 /* MAPD714_Lab10UITests.swift */,
				B1D43CD42925AE14005279D9 /* MAPD714_Lab10UITestsLaunchTests.swift */,
			);
			path = "MAPD714-Lab10UITests";
			sourceTree = "<group>";
		};
		B1D43CE72925E901005279D9 /* FirstViewController */ = {
			isa = PBXGroup;
			children = (
				B1D43CB52925AE12005279D9 /* ViewController.swift */,
			);
			path = FirstViewController;
			sourceTree = "<group>";
		};
		B1D43CE82925E917005279D9 /* SecondViewController */ = {
			isa = PBXGroup;
			children = (
				B1D43CE32925C3FA005279D9 /* SecondViewController.swift */,
				B1D43CE52925C49F005279D9 /* FourLines.swift */,
			);
			path = SecondViewController;
			sourceTree = "<group>";
		};
		B1D43CE92925E925005279D9 /* ThirdViewController */ = {
			isa = PBXGroup;
			children = (
				B1D43CEA2925E935005279D9 /* ThirdViewController.swift */,
			);
			path = ThirdViewController;
			sourceTree = "<group>";
		};
		B1D43CEC2925EC1D005279D9 /* Frameworks */ = {
			isa = PBXGroup;
			children = (
				B1D43CED2925EC1D005279D9 /* libsqlite3.tbd */,
			);
			name = Frameworks;
			sourceTree = "<group>";
		};
/* End PBXGroup section */

/* Begin PBXNativeTarget section */
		B1D43CAD2925AE12005279D9 /* MAPD714-Lab10 */ = {
			isa = PBXNativeTarget;
			buildConfigurationList = B1D43CD82925AE14005279D9 /* Build configuration list for PBXNativeTarget "MAPD714-Lab10" */;
			buildPhases = (
				B1D43CAA2925AE12005279D9 /* Sources */,
				B1D43CAB2925AE12005279D9 /* Frameworks */,
				B1D43CAC2925AE12005279D9 /* Resources */,
			);
			buildRules = (
			);
			dependencies = (
			);
			name = "MAPD714-Lab10";
			productName = "MAPD714-Lab10";
			productReference = B1D43CAE2925AE12005279D9 /* MAPD714-Lab10.app */;
			productType = "com.apple.product-type.application";
		};
		B1D43CC32925AE14005279D9 /* MAPD714-Lab10Tests */ = {
			isa = PBXNativeTarget;
			buildConfigurationList = B1D43CDB2925AE14005279D9 /* Build configuration list for PBXNativeTarget "MAPD714-Lab10Tests" */;
			buildPhases = (
				B1D43CC02925AE14005279D9 /* Sources */,
				B1D43CC12925AE14005279D9 /* Frameworks */,
				B1D43CC22925AE14005279D9 /* Resources */,
			);
			buildRules = (
			);
			dependencies = (
				B1D43CC62925AE14005279D9 /* PBXTargetDependency */,
			);
			name = "MAPD714-Lab10Tests";
			productName = "MAPD714-Lab10Tests";
			productReference = B1D43CC42925AE14005279D9 /* MAPD714-Lab10Tests.xctest */;
			productType = "com.apple.product-type.bundle.unit-test";
		};
		B1D43CCD2925AE14005279D9 /* MAPD714-Lab10UITests */ = {
			isa = PBXNativeTarget;
			buildConfigurationList = B1D43CDE2925AE14005279D9 /* Build configuration list for PBXNativeTarget "MAPD714-Lab10UITests" */;
			buildPhases = (
				B1D43CCA2925AE14005279D9 /* Sources */,
				B1D43CCB2925AE14005279D9 /* Frameworks */,
				B1D43CCC2925AE14005279D9 /* Resources */,
			);
			buildRules = (
			);
			dependencies = (
				B1D43CD02925AE14005279D9 /* PBXTargetDependency */,
			);
			name = "MAPD714-Lab10UITests";
			productName = "MAPD714-Lab10UITests";
			productReference = B1D43CCE2925AE14005279D9 /* MAPD714-Lab10UITests.xctest */;
			productType = "com.apple.product-type.bundle.ui-testing";
		};
/* End PBXNativeTarget section */

/* Begin PBXProject section */
		B1D43CA62925AE12005279D9 /* Project object */ = {
			isa = PBXProject;
			attributes = {
				BuildIndependentTargetsInParallel = 1;
				LastSwiftUpdateCheck = 1410;
				LastUpgradeCheck = 1410;
				TargetAttributes = {
					B1D43CAD2925AE12005279D9 = {
						CreatedOnToolsVersion = 14.1;
					};
					B1D43CC32925AE14005279D9 = {
						CreatedOnToolsVersion = 14.1;
						TestTargetID = B1D43CAD2925AE12005279D9;
					};
					B1D43CCD2925AE14005279D9 = {
						CreatedOnToolsVersion = 14.1;
						TestTargetID = B1D43CAD2925AE12005279D9;
					};
				};
			};
			buildConfigurationList = B1D43CA92925AE12005279D9 /* Build configuration list for PBXProject "MAPD714-Lab10" */;
			compatibilityVersion = "Xcode 14.0";
			developmentRegion = en;
			hasScannedForEncodings = 0;
			knownRegions = (
				en,
				Base,
			);
			mainGroup = B1D43CA52925AE12005279D9;
			productRefGroup = B1D43CAF2925AE12005279D9 /* Products */;
			projectDirPath = "";
			projectRoot = "";
			targets = (
				B1D43CAD2925AE12005279D9 /* MAPD714-Lab10 */,
				B1D43CC32925AE14005279D9 /* MAPD714-Lab10Tests */,
				B1D43CCD2925AE14005279D9 /* MAPD714-Lab10UITests */,
			);
		};
/* End PBXProject section */

/* Begin PBXResourcesBuildPhase section */
		B1D43CAC2925AE12005279D9 /* Resources */ = {
			isa = PBXResourcesBuildPhase;
			buildActionMask = 2147483647;
			files = (
				B1D43CBE2925AE14005279D9 /* LaunchScreen.storyboard in Resources */,
				B1D43CBB2925AE14005279D9 /* Assets.xcassets in Resources */,
				B1D43CB92925AE12005279D9 /* Main.storyboard in Resources */,
			);
			runOnlyForDeploymentPostprocessing = 0;
		};
		B1D43CC22925AE14005279D9 /* Resources */ = {
			isa = PBXResourcesBuildPhase;
			buildActionMask = 2147483647;
			files = (
			);
			runOnlyForDeploymentPostprocessing = 0;
		};
		B1D43CCC2925AE14005279D9 /* Resources */ = {
			isa = PBXResourcesBuildPhase;
			buildActionMask = 2147483647;
			files = (
			);
			runOnlyForDeploymentPostprocessing = 0;
		};
/* End PBXResourcesBuildPhase section */

/* Begin PBXSourcesBuildPhase section */
		B1D43CAA2925AE12005279D9 /* Sources */ = {
			isa = PBXSourcesBuildPhase;
			buildActionMask = 2147483647;
			files = (
				B1D43CE42925C3FA005279D9 /* SecondViewController.swift in Sources */,
				B1D43CE62925C49F005279D9 /* FourLines.swift in Sources */,
				B1D43CB62925AE12005279D9 /* ViewController.swift in Sources */,
				B1D43CB22925AE12005279D9 /* AppDelegate.swift in Sources */,
				B1D43CEB2925E935005279D9 /* ThirdViewController.swift in Sources */,
				B1D43CB42925AE12005279D9 /* SceneDelegate.swift in Sources */,
			);
			runOnlyForDeploymentPostprocessing = 0;
		};
		B1D43CC02925AE14005279D9 /* Sources */ = {
			isa = PBXSourcesBuildPhase;
			buildActionMask = 2147483647;
			files = (
				B1D43CC92925AE14005279D9 /* MAPD714_Lab10Tests.swift in Sources */,
			);
			runOnlyForDeploymentPostprocessing = 0;
		};
		B1D43CCA2925AE14005279D9 /* Sources */ = {
			isa = PBXSourcesBuildPhase;
			buildActionMask = 2147483647;
			files = (
				B1D43CD52925AE14005279D9 /* MAPD714_Lab10UITestsLaunchTests.swift in Sources */,
				B1D43CD32925AE14005279D9 /* MAPD714_Lab10UITests.swift in Sources */,
			);
			runOnlyForDeploymentPostprocessing = 0;
		};
/* End PBXSourcesBuildPhase section */

/* Begin PBXTargetDependency section */
		B1D43CC62925AE14005279D9 /* PBXTargetDependency */ = {
			isa = PBXTargetDependency;
			target = B1D43CAD2925AE12005279D9 /* MAPD714-Lab10 */;
			targetProxy = B1D43CC52925AE14005279D9 /* PBXContainerItemProxy */;
		};
		B1D43CD02925AE14005279D9 /* PBXTargetDependency */ = {
			isa = PBXTargetDependency;
			target = B1D43CAD2925AE12005279D9 /* MAPD714-Lab10 */;
			targetProxy = B1D43CCF2925AE14005279D9 /* PBXContainerItemProxy */;
		};
/* End PBXTargetDependency section */

/* Begin PBXVariantGroup section */
		B1D43CB72925AE12005279D9 /* Main.storyboard */ = {
			isa = PBXVariantGroup;
			children = (
				B1D43CB82925AE12005279D9 /* Base */,
			);
			name = Main.storyboard;
			sourceTree = "<group>";
		};
		B1D43CBC2925AE14005279D9 /* LaunchScreen.storyboard */ = {
			isa = PBXVariantGroup;
			children = (
				B1D43CBD2925AE14005279D9 /* Base */,
			);
			name = LaunchScreen.storyboard;
			sourceTree = "<group>";
		};
/* End PBXVariantGroup section */

/* Begin XCBuildConfiguration section */
		B1D43CD62925AE14005279D9 /* Debug */ = {
			isa = XCBuildConfiguration;
			buildSettings = {
				ALWAYS_SEARCH_USER_PATHS = NO;
				CLANG_ANALYZER_NONNULL = YES;
				CLANG_ANALYZER_NUMBER_OBJECT_CONVERSION = YES_AGGRESSIVE;
				CLANG_CXX_LANGUAGE_STANDARD = "gnu++20";
				CLANG_ENABLE_MODULES = YES;
				CLANG_ENABLE_OBJC_ARC = YES;
				CLANG_ENABLE_OBJC_WEAK = YES;
				CLANG_WARN_BLOCK_CAPTURE_AUTORELEASING = YES;
				CLANG_WARN_BOOL_CONVERSION = YES;
				CLANG_WARN_COMMA = YES;
				CLANG_WARN_CONSTANT_CONVERSION = YES;
				CLANG_WARN_DEPRECATED_OBJC_IMPLEMENTATIONS = YES;
				CLANG_WARN_DIRECT_OBJC_ISA_USAGE = YES_ERROR;
				CLANG_WARN_DOCUMENTATION_COMMENTS = YES;
				CLANG_WARN_EMPTY_BODY = YES;
				CLANG_WARN_ENUM_CONVERSION = YES;
				CLANG_WARN_INFINITE_RECURSION = YES;
				CLANG_WARN_INT_CONVERSION = YES;
				CLANG_WARN_NON_LITERAL_NULL_CONVERSION = YES;
				CLANG_WARN_OBJC_IMPLICIT_RETAIN_SELF = YES;
				CLANG_WARN_OBJC_LITERAL_CONVERSION = YES;
				CLANG_WARN_OBJC_ROOT_CLASS = YES_ERROR;
				CLANG_WARN_QUOTED_INCLUDE_IN_FRAMEWORK_HEADER = YES;
				CLANG_WARN_RANGE_LOOP_ANALYSIS = YES;
				CLANG_WARN_STRICT_PROTOTYPES = YES;
				CLANG_WARN_SUSPICIOUS_MOVE = YES;
				CLANG_WARN_UNGUARDED_AVAILABILITY = YES_AGGRESSIVE;
				CLANG_WARN_UNREACHABLE_CODE = YES;
				CLANG_WARN__DUPLICATE_METHOD_MATCH = YES;
				COPY_PHASE_STRIP = NO;
				DEBUG_INFORMATION_FORMAT = dwarf;
				ENABLE_STRICT_OBJC_MSGSEND = YES;
				ENABLE_TESTABILITY = YES;
				GCC_C_LANGUAGE_STANDARD = gnu11;
				GCC_DYNAMIC_NO_PIC = NO;
				GCC_NO_COMMON_BLOCKS = YES;
				GCC_OPTIMIZATION_LEVEL = 0;
				GCC_PREPROCESSOR_DEFINITIONS = (
					"DEBUG=1",
					"$(inherited)",
				);
				GCC_WARN_64_TO_32_BIT_CONVERSION = YES;
				GCC_WARN_ABOUT_RETURN_TYPE = YES_ERROR;
				GCC_WARN_UNDECLARED_SELECTOR = YES;
				GCC_WARN_UNINITIALIZED_AUTOS = YES_AGGRESSIVE;
				GCC_WARN_UNUSED_FUNCTION = YES;
				GCC_WARN_UNUSED_VARIABLE = YES;
				IPHONEOS_DEPLOYMENT_TARGET = 16.1;
				MTL_ENABLE_DEBUG_INFO = INCLUDE_SOURCE;
				MTL_FAST_MATH = YES;
				ONLY_ACTIVE_ARCH = YES;
				SDKROOT = iphoneos;
				SWIFT_ACTIVE_COMPILATION_CONDITIONS = DEBUG;
				SWIFT_OPTIMIZATION_LEVEL = "-Onone";
			};
			name = Debug;
		};
		B1D43CD72925AE14005279D9 /* Release */ = {
			isa = XCBuildConfiguration;
			buildSettings = {
				ALWAYS_SEARCH_USER_PATHS = NO;
				CLANG_ANALYZER_NONNULL = YES;
				CLANG_ANALYZER_NUMBER_OBJECT_CONVERSION = YES_AGGRESSIVE;
				CLANG_CXX_LANGUAGE_STANDARD = "gnu++20";
				CLANG_ENABLE_MODULES = YES;
				CLANG_ENABLE_OBJC_ARC = YES;
				CLANG_ENABLE_OBJC_WEAK = YES;
				CLANG_WARN_BLOCK_CAPTURE_AUTORELEASING = YES;
				CLANG_WARN_BOOL_CONVERSION = YES;
				CLANG_WARN_COMMA = YES;
				CLANG_WARN_CONSTANT_CONVERSION = YES;
				CLANG_WARN_DEPRECATED_OBJC_IMPLEMENTATIONS = YES;
				CLANG_WARN_DIRECT_OBJC_ISA_USAGE = YES_ERROR;
				CLANG_WARN_DOCUMENTATION_COMMENTS = YES;
				CLANG_WARN_EMPTY_BODY = YES;
				CLANG_WARN_ENUM_CONVERSION = YES;
				CLANG_WARN_INFINITE_RECURSION = YES;
				CLANG_WARN_INT_CONVERSION = YES;
				CLANG_WARN_NON_LITERAL_NULL_CONVERSION = YES;
				CLANG_WARN_OBJC_IMPLICIT_RETAIN_SELF = YES;
				CLANG_WARN_OBJC_LITERAL_CONVERSION = YES;
				CLANG_WARN_OBJC_ROOT_CLASS = YES_ERROR;
				CLANG_WARN_QUOTED_INCLUDE_IN_FRAMEWORK_HEADER = YES;
				CLANG_WARN_RANGE_LOOP_ANALYSIS = YES;
				CLANG_WARN_STRICT_PROTOTYPES = YES;
				CLANG_WARN_SUSPICIOUS_MOVE = YES;
				CLANG_WARN_UNGUARDED_AVAILABILITY = YES_AGGRESSIVE;
				CLANG_WARN_UNREACHABLE_CODE = YES;
				CLANG_WARN__DUPLICATE_METHOD_MATCH = YES;
				COPY_PHASE_STRIP = NO;
				DEBUG_INFORMATION_FORMAT = "dwarf-with-dsym";
				ENABLE_NS_ASSERTIONS = NO;
				ENABLE_STRICT_OBJC_MSGSEND = YES;
				GCC_C_LANGUAGE_STANDARD = gnu11;
				GCC_NO_COMMON_BLOCKS = YES;
				GCC_WARN_64_TO_32_BIT_CONVERSION = YES;
				GCC_WARN_ABOUT_RETURN_TYPE = YES_ERROR;
				GCC_WARN_UNDECLARED_SELECTOR = YES;
				GCC_WARN_UNINITIALIZED_AUTOS = YES_AGGRESSIVE;
				GCC_WARN_UNUSED_FUNCTION = YES;
				GCC_WARN_UNUSED_VARIABLE = YES;
				IPHONEOS_DEPLOYMENT_TARGET = 16.1;
				MTL_ENABLE_DEBUG_INFO = NO;
				MTL_FAST_MATH = YES;
				SDKROOT = iphoneos;
				SWIFT_COMPILATION_MODE = wholemodule;
				SWIFT_OPTIMIZATION_LEVEL = "-O";
				VALIDATE_PRODUCT = YES;
			};
			name = Release;
		};
		B1D43CD92925AE14005279D9 /* Debug */ = {
			isa = XCBuildConfiguration;
			buildSettings = {
				ASSETCATALOG_COMPILER_APPICON_NAME = AppIcon;
				ASSETCATALOG_COMPILER_GLOBAL_ACCENT_COLOR_NAME = AccentColor;
				CODE_SIGN_STYLE = Automatic;
				CURRENT_PROJECT_VERSION = 1;
				DEVELOPMENT_TEAM = 8R33B3Y225;
				GENERATE_INFOPLIST_FILE = YES;
				INFOPLIST_FILE = "MAPD714-Lab10/Info.plist";
				INFOPLIST_KEY_UIApplicationSupportsIndirectInputEvents = YES;
				INFOPLIST_KEY_UILaunchStoryboardName = LaunchScreen;
				INFOPLIST_KEY_UIMainStoryboardFile = Main;
				INFOPLIST_KEY_UISupportedInterfaceOrientations_iPad = "UIInterfaceOrientationPortrait UIInterfaceOrientationPortraitUpsideDown UIInterfaceOrientationLandscapeLeft UIInterfaceOrientationLandscapeRight";
				INFOPLIST_KEY_UISupportedInterfaceOrientations_iPhone = "UIInterfaceOrientationPortrait UIInterfaceOrientationLandscapeLeft UIInterfaceOrientationLandscapeRight";
				LD_RUNPATH_SEARCH_PATHS = (
					"$(inherited)",
					"@executable_path/Frameworks",
				);
				MARKETING_VERSION = 1.0;
				PRODUCT_BUNDLE_IDENTIFIER = "com.example.MAPD714-Lab10";
				PRODUCT_NAME = "$(TARGET_NAME)";
				SUPPORTED_PLATFORMS = "iphoneos iphonesimulator";
				SUPPORTS_MACCATALYST = NO;
				SUPPORTS_MAC_DESIGNED_FOR_IPHONE_IPAD = NO;
				SWIFT_EMIT_LOC_STRINGS = YES;
				SWIFT_VERSION = 5.0;
				TARGETED_DEVICE_FAMILY = 1;
			};
			name = Debug;
		};
		B1D43CDA2925AE14005279D9 /* Release */ = {
			isa = XCBuildConfiguration;
			buildSettings = {
				ASSETCATALOG_COMPILER_APPICON_NAME = AppIcon;
				ASSETCATALOG_COMPILER_GLOBAL_ACCENT_COLOR_NAME = AccentColor;
				CODE_SIGN_STYLE = Automatic;
				CURRENT_PROJECT_VERSION = 1;
				DEVELOPMENT_TEAM = 8R33B3Y225;
				GENERATE_INFOPLIST_FILE = YES;
				INFOPLIST_FILE = "MAPD714-Lab10/Info.plist";
				INFOPLIST_KEY_UIApplicationSupportsIndirectInputEvents = YES;
				INFOPLIST_KEY_UILaunchStoryboardName = LaunchScreen;
				INFOPLIST_KEY_UIMainStoryboardFile = Main;
				INFOPLIST_KEY_UISupportedInterfaceOrientations_iPad = "UIInterfaceOrientationPortrait UIInterfaceOrientationPortraitUpsideDown UIInterfaceOrientationLandscapeLeft UIInterfaceOrientationLandscapeRight";
				INFOPLIST_KEY_UISupportedInterfaceOrientations_iPhone = "UIInterfaceOrientationPortrait UIInterfaceOrientationLandscapeLeft UIInterfaceOrientationLandscapeRight";
				LD_RUNPATH_SEARCH_PATHS = (
					"$(inherited)",
					"@executable_path/Frameworks",
				);
				MARKETING_VERSION = 1.0;
				PRODUCT_BUNDLE_IDENTIFIER = "com.example.MAPD714-Lab10";
				PRODUCT_NAME = "$(TARGET_NAME)";
				SUPPORTED_PLATFORMS = "iphoneos iphonesimulator";
				SUPPORTS_MACCATALYST = NO;
				SUPPORTS_MAC_DESIGNED_FOR_IPHONE_IPAD = NO;
				SWIFT_EMIT_LOC_STRINGS = YES;
				SWIFT_VERSION = 5.0;
				TARGETED_DEVICE_FAMILY = 1;
			};
			name = Release;
		};
		B1D43CDC2925AE14005279D9 /* Debug */ = {
			isa = XCBuildConfiguration;
			buildSettings = {
				ALWAYS_EMBED_SWIFT_STANDARD_LIBRARIES = YES;
				BUNDLE_LOADER = "$(TEST_HOST)";
				CODE_SIGN_STYLE = Automatic;
				CURRENT_PROJECT_VERSION = 1;
				DEVELOPMENT_TEAM = 8R33B3Y225;
				GENERATE_INFOPLIST_FILE = YES;
				IPHONEOS_DEPLOYMENT_TARGET = 16.1;
				MARKETING_VERSION = 1.0;
				PRODUCT_BUNDLE_IDENTIFIER = "com.example.MAPD714-Lab10Tests";
				PRODUCT_NAME = "$(TARGET_NAME)";
				SWIFT_EMIT_LOC_STRINGS = NO;
				SWIFT_VERSION = 5.0;
				TARGETED_DEVICE_FAMILY = "1,2";
				TEST_HOST = "$(BUILT_PRODUCTS_DIR)/MAPD714-Lab10.app/$(BUNDLE_EXECUTABLE_FOLDER_PATH)/MAPD714-Lab10";
			};
			name = Debug;
		};
		B1D43CDD2925AE14005279D9 /* Release */ = {
			isa = XCBuildConfiguration;
			buildSettings = {
				ALWAYS_EMBED_SWIFT_STANDARD_LIBRARIES = YES;
				BUNDLE_LOADER = "$(TEST_HOST)";
				CODE_SIGN_STYLE = Automatic;
				CURRENT_PROJECT_VERSION = 1;
				DEVELOPMENT_TEAM = 8R33B3Y225;
				GENERATE_INFOPLIST_FILE = YES;
				IPHONEOS_DEPLOYMENT_TARGET = 16.1;
				MARKETING_VERSION = 1.0;
				PRODUCT_BUNDLE_IDENTIFIER = "com.example.MAPD714-Lab10Tests";
				PRODUCT_NAME = "$(TARGET_NAME)";
				SWIFT_EMIT_LOC_STRINGS = NO;
				SWIFT_VERSION = 5.0;
				TARGETED_DEVICE_FAMILY = "1,2";
				TEST_HOST = "$(BUILT_PRODUCTS_DIR)/MAPD714-Lab10.app/$(BUNDLE_EXECUTABLE_FOLDER_PATH)/MAPD714-Lab10";
			};
			name = Release;
		};
		B1D43CDF2925AE14005279D9 /* Debug */ = {
			isa = XCBuildConfiguration;
			buildSettings = {
				ALWAYS_EMBED_SWIFT_STANDARD_LIBRARIES = YES;
				CODE_SIGN_STYLE = Automatic;
				CURRENT_PROJECT_VERSION = 1;
				DEVELOPMENT_TEAM = 8R33B3Y225;
				GENERATE_INFOPLIST_FILE = YES;
				MARKETING_VERSION = 1.0;
				PRODUCT_BUNDLE_IDENTIFIER = "com.example.MAPD714-Lab10UITests";
				PRODUCT_NAME = "$(TARGET_NAME)";
				SWIFT_EMIT_LOC_STRINGS = NO;
				SWIFT_VERSION = 5.0;
				TARGETED_DEVICE_FAMILY = "1,2";
				TEST_TARGET_NAME = "MAPD714-Lab10";
			};
			name = Debug;
		};
		B1D43CE02925AE14005279D9 /* Release */ = {
			isa = XCBuildConfiguration;
			buildSettings = {
				ALWAYS_EMBED_SWIFT_STANDARD_LIBRARIES = YES;
				CODE_SIGN_STYLE = Automatic;
				CURRENT_PROJECT_VERSION = 1;
				DEVELOPMENT_TEAM = 8R33B3Y225;
				GENERATE_INFOPLIST_FILE = YES;
				MARKETING_VERSION = 1.0;
				PRODUCT_BUNDLE_IDENTIFIER = "com.example.MAPD714-Lab10UITests";
				PRODUCT_NAME = "$(TARGET_NAME)";
				SWIFT_EMIT_LOC_STRINGS = NO;
				SWIFT_VERSION = 5.0;
				TARGETED_DEVICE_FAMILY = "1,2";
				TEST_TARGET_NAME = "MAPD714-Lab10";
			};
			name = Release;
		};
/* End XCBuildConfiguration section */

/* Begin XCConfigurationList section */
		B1D43CA92925AE12005279D9 /* Build configuration list for PBXProject "MAPD714-Lab10" */ = {
			isa = XCConfigurationList;
			buildConfigurations = (
				B1D43CD62925AE14005279D9 /* Debug */,
				B1D43CD72925AE14005279D9 /* Release */,
			);
			defaultConfigurationIsVisible = 0;
			defaultConfigurationName = Release;
		};
		B1D43CD82925AE14005279D9 /* Build configuration list for PBXNativeTarget "MAPD714-Lab10" */ = {
			isa = XCConfigurationList;
			buildConfigurations = (
				B1D43CD92925AE14005279D9 /* Debug */,
				B1D43CDA2925AE14005279D9 /* Release */,
			);
			defaultConfigurationIsVisible = 0;
			defaultConfigurationName = Release;
		};
		B1D43CDB2925AE14005279D9 /* Build configuration list for PBXNativeTarget "MAPD714-Lab10Tests" */ = {
			isa = XCConfigurationList;
			buildConfigurations = (
				B1D43CDC2925AE14005279D9 /* Debug */,
				B1D43CDD2925AE14005279D9 /* Release */,
			);
			defaultConfigurationIsVisible = 0;
			defaultConfigurationName = Release;
		};
		B1D43CDE2925AE14005279D9 /* Build configuration list for PBXNativeTarget "MAPD714-Lab10UITests" */ = {
			isa = XCConfigurationList;
			buildConfigurations = (
				B1D43CDF2925AE14005279D9 /* Debug */,
				B1D43CE02925AE14005279D9 /* Release */,
			);
			defaultConfigurationIsVisible = 0;
			defaultConfigurationName = Release;
		};
/* End XCConfigurationList section */
	};
	rootObject = B1D43CA62925AE12005279D9 /* Project object */;
}
